
Microsoft Visual Studio Solution File, Format Version 12.00
# Visual Studio Version 17
VisualStudioVersion = 17.7.34221.43
MinimumVisualStudioVersion = 10.0.40219.1
Project("{9A19103F-16F7-4668-BE54-9A1E7A4F7556}") = "Relay", "Relay\Relay.csproj", "{DF47CADE-AE39-4CD1-81AC-379BC41BCF38}"
EndProject
Project("{2150E333-8FDC-42A3-9474-1A3956D46DE8}") = "Solution Items", "Solution Items", "{5EE9B50D-68D7-401D-881A-B1300F786AFB}"
	ProjectSection(SolutionItems) = preProject
		Directory.Build.props = Directory.Build.props
		Directory.Build.targets = Directory.Build.targets
	EndProjectSection
EndProject
Project("{FAE04EC0-301F-11D3-BF4B-00C04F79EFBC}") = "Relay.Tests", "Relay.Tests\Relay.Tests.csproj", "{F27CBF9D-55F3-4309-B4E4-E9C060E6388D}"
EndProject
Global
	GlobalSection(SolutionConfigurationPlatforms) = preSolution
		Debug|Any CPU = Debug|Any CPU
		Debug|ARM = Debug|ARM
		Debug|Mixed Platforms = Debug|Mixed Platforms
		Debug|x64 = Debug|x64
		Debug|x86 = Debug|x86
		Release|Any CPU = Release|Any CPU
		Release|ARM = Release|ARM
		Release|Mixed Platforms = Release|Mixed Platforms
		Release|x64 = Release|x64
		Release|x86 = Release|x86
	EndGlobalSection
	GlobalSection(ProjectConfigurationPlatforms) = postSolution
		{DF47CADE-AE39-4CD1-81AC-379BC41BCF38}.Debug|Any CPU.ActiveCfg = Debug|Any CPU
		{DF47CADE-AE39-4CD1-81AC-379BC41BCF38}.Debug|Any CPU.Build.0 = Debug|Any CPU
		{DF47CADE-AE39-4CD1-81AC-379BC41BCF38}.Debug|ARM.ActiveCfg = Debug|Any CPU
		{DF47CADE-AE39-4CD1-81AC-379BC41BCF38}.Debug|Mixed Platforms.ActiveCfg = Debug|Any CPU
		{DF47CADE-AE39-4CD1-81AC-379BC41BCF38}.Debug|Mixed Platforms.Build.0 = Debug|Any CPU
		{DF47CADE-AE39-4CD1-81AC-379BC41BCF38}.Debug|x64.ActiveCfg = Debug|Any CPU
		{DF47CADE-AE39-4CD1-81AC-379BC41BCF38}.Debug|x86.ActiveCfg = Debug|Any CPU
		{DF47CADE-AE39-4CD1-81AC-379BC41BCF38}.Release|Any CPU.ActiveCfg = Release|Any CPU
		{DF47CADE-AE39-4CD1-81AC-379BC41BCF38}.Release|Any CPU.Build.0 = Release|Any CPU
		{DF47CADE-AE39-4CD1-81AC-379BC41BCF38}.Release|ARM.ActiveCfg = Release|Any CPU
		{DF47CADE-AE39-4CD1-81AC-379BC41BCF38}.Release|Mixed Platforms.ActiveCfg = Release|Any CPU
		{DF47CADE-AE39-4CD1-81AC-379BC41BCF38}.Release|Mixed Platforms.Build.0 = Release|Any CPU
		{DF47CADE-AE39-4CD1-81AC-379BC41BCF38}.Release|x64.ActiveCfg = Release|Any CPU
		{DF47CADE-AE39-4CD1-81AC-379BC41BCF38}.Release|x86.ActiveCfg = Release|Any CPU
		{F27CBF9D-55F3-4309-B4E4-E9C060E6388D}.Debug|Any CPU.ActiveCfg = Debug|Any CPU
		{F27CBF9D-55F3-4309-B4E4-E9C060E6388D}.Debug|Any CPU.Build.0 = Debug|Any CPU
		{F27CBF9D-55F3-4309-B4E4-E9C060E6388D}.Debug|ARM.ActiveCfg = Debug|Any CPU
		{F27CBF9D-55F3-4309-B4E4-E9C060E6388D}.Debug|ARM.Build.0 = Debug|Any CPU
		{F27CBF9D-55F3-4309-B4E4-E9C060E6388D}.Debug|Mixed Platforms.ActiveCfg = Debug|Any CPU
		{F27CBF9D-55F3-4309-B4E4-E9C060E6388D}.Debug|Mixed Platforms.Build.0 = Debug|Any CPU
		{F27CBF9D-55F3-4309-B4E4-E9C060E6388D}.Debug|x64.ActiveCfg = Debug|Any CPU
		{F27CBF9D-55F3-4309-B4E4-E9C060E6388D}.Debug|x64.Build.0 = Debug|Any CPU
		{F27CBF9D-55F3-4309-B4E4-E9C060E6388D}.Debug|x86.ActiveCfg = Debug|Any CPU
		{F27CBF9D-55F3-4309-B4E4-E9C060E6388D}.Debug|x86.Build.0 = Debug|Any CPU
		{F27CBF9D-55F3-4309-B4E4-E9C060E6388D}.Release|Any CPU.ActiveCfg = Release|Any CPU
		{F27CBF9D-55F3-4309-B4E4-E9C060E6388D}.Release|Any CPU.Build.0 = Release|Any CPU
		{F27CBF9D-55F3-4309-B4E4-E9C060E6388D}.Release|ARM.ActiveCfg = Release|Any CPU
		{F27CBF9D-55F3-4309-B4E4-E9C060E6388D}.Release|ARM.Build.0 = Release|Any CPU
		{F27CBF9D-55F3-4309-B4E4-E9C060E6388D}.Release|Mixed Platforms.ActiveCfg = Release|Any CPU
		{F27CBF9D-55F3-4309-B4E4-E9C060E6388D}.Release|Mixed Platforms.Build.0 = Release|Any CPU
		{F27CBF9D-55F3-4309-B4E4-E9C060E6388D}.Release|x64.ActiveCfg = Release|Any CPU
		{F27CBF9D-55F3-4309-B4E4-E9C060E6388D}.Release|x64.Build.0 = Release|Any CPU
		{F27CBF9D-55F3-4309-B4E4-E9C060E6388D}.Release|x86.ActiveCfg = Release|Any CPU
		{F27CBF9D-55F3-4309-B4E4-E9C060E6388D}.Release|x86.Build.0 = Release|Any CPU
	EndGlobalSection
	GlobalSection(SolutionProperties) = preSolution
		HideSolutionNode = FALSE
	EndGlobalSection
	GlobalSection(ExtensibilityGlobals) = postSolution
		SolutionGuid = {BAC40C47-8448-4CFB-9D0E-4A25831F57A9}
	EndGlobalSection
EndGlobal
