
Microsoft Visual Studio Solution File, Format Version 12.00
# Visual Studio 14
VisualStudioVersion = 14.0.25420.1
MinimumVisualStudioVersion = 10.0.40219.1
Project("{FAE04EC0-301F-11D3-BF4B-00C04F79EFBC}") = "Relay", "Relay\Relay.csproj", "{DF47CADE-AE39-4CD1-81AC-379BC41BCF38}"
EndProject
Project("{FAE04EC0-301F-11D3-BF4B-00C04F79EFBC}") = "Relay.NET45", "Relay.NET45\Relay.NET45.csproj", "{4ABA5E6C-5282-4FD3-89CF-5C73B8C88DE8}"
EndProject
Project("{FAE04EC0-301F-11D3-BF4B-00C04F79EFBC}") = "Relay.PCL", "Relay.PCL\Relay.PCL.csproj", "{19D8A4BD-9B87-4F59-A006-7BF85A5FC32E}"
EndProject
Global
	GlobalSection(SolutionConfigurationPlatforms) = preSolution
		Debug|Any CPU = Debug|Any CPU
		Debug|ARM = Debug|ARM
		Debug|Mixed Platforms = Debug|Mixed Platforms
		Debug|x64 = Debug|x64
		Debug|x86 = Debug|x86
		Release|Any CPU = Release|Any CPU
		Release|ARM = Release|ARM
		Release|Mixed Platforms = Release|Mixed Platforms
		Release|x64 = Release|x64
		Release|x86 = Release|x86
	EndGlobalSection
	GlobalSection(ProjectConfigurationPlatforms) = postSolution
		{DF47CADE-AE39-4CD1-81AC-379BC41BCF38}.Debug|Any CPU.ActiveCfg = Debug|Any CPU
		{DF47CADE-AE39-4CD1-81AC-379BC41BCF38}.Debug|Any CPU.Build.0 = Debug|Any CPU
		{DF47CADE-AE39-4CD1-81AC-379BC41BCF38}.Debug|ARM.ActiveCfg = Debug|Any CPU
		{DF47CADE-AE39-4CD1-81AC-379BC41BCF38}.Debug|Mixed Platforms.ActiveCfg = Debug|Any CPU
		{DF47CADE-AE39-4CD1-81AC-379BC41BCF38}.Debug|Mixed Platforms.Build.0 = Debug|Any CPU
		{DF47CADE-AE39-4CD1-81AC-379BC41BCF38}.Debug|x64.ActiveCfg = Debug|Any CPU
		{DF47CADE-AE39-4CD1-81AC-379BC41BCF38}.Debug|x86.ActiveCfg = Debug|Any CPU
		{DF47CADE-AE39-4CD1-81AC-379BC41BCF38}.Release|Any CPU.ActiveCfg = Release|Any CPU
		{DF47CADE-AE39-4CD1-81AC-379BC41BCF38}.Release|Any CPU.Build.0 = Release|Any CPU
		{DF47CADE-AE39-4CD1-81AC-379BC41BCF38}.Release|ARM.ActiveCfg = Release|Any CPU
		{DF47CADE-AE39-4CD1-81AC-379BC41BCF38}.Release|Mixed Platforms.ActiveCfg = Release|Any CPU
		{DF47CADE-AE39-4CD1-81AC-379BC41BCF38}.Release|Mixed Platforms.Build.0 = Release|Any CPU
		{DF47CADE-AE39-4CD1-81AC-379BC41BCF38}.Release|x64.ActiveCfg = Release|Any CPU
		{DF47CADE-AE39-4CD1-81AC-379BC41BCF38}.Release|x86.ActiveCfg = Release|Any CPU
		{4ABA5E6C-5282-4FD3-89CF-5C73B8C88DE8}.Debug|Any CPU.ActiveCfg = Debug|Any CPU
		{4ABA5E6C-5282-4FD3-89CF-5C73B8C88DE8}.Debug|Any CPU.Build.0 = Debug|Any CPU
		{4ABA5E6C-5282-4FD3-89CF-5C73B8C88DE8}.Debug|ARM.ActiveCfg = Debug|Any CPU
		{4ABA5E6C-5282-4FD3-89CF-5C73B8C88DE8}.Debug|ARM.Build.0 = Debug|Any CPU
		{4ABA5E6C-5282-4FD3-89CF-5C73B8C88DE8}.Debug|Mixed Platforms.ActiveCfg = Debug|Any CPU
		{4ABA5E6C-5282-4FD3-89CF-5C73B8C88DE8}.Debug|Mixed Platforms.Build.0 = Debug|Any CPU
		{4ABA5E6C-5282-4FD3-89CF-5C73B8C88DE8}.Debug|x64.ActiveCfg = Debug|Any CPU
		{4ABA5E6C-5282-4FD3-89CF-5C73B8C88DE8}.Debug|x64.Build.0 = Debug|Any CPU
		{4ABA5E6C-5282-4FD3-89CF-5C73B8C88DE8}.Debug|x86.ActiveCfg = Debug|Any CPU
		{4ABA5E6C-5282-4FD3-89CF-5C73B8C88DE8}.Debug|x86.Build.0 = Debug|Any CPU
		{4ABA5E6C-5282-4FD3-89CF-5C73B8C88DE8}.Release|Any CPU.ActiveCfg = Release|Any CPU
		{4ABA5E6C-5282-4FD3-89CF-5C73B8C88DE8}.Release|Any CPU.Build.0 = Release|Any CPU
		{4ABA5E6C-5282-4FD3-89CF-5C73B8C88DE8}.Release|ARM.ActiveCfg = Release|Any CPU
		{4ABA5E6C-5282-4FD3-89CF-5C73B8C88DE8}.Release|ARM.Build.0 = Release|Any CPU
		{4ABA5E6C-5282-4FD3-89CF-5C73B8C88DE8}.Release|Mixed Platforms.ActiveCfg = Release|Any CPU
		{4ABA5E6C-5282-4FD3-89CF-5C73B8C88DE8}.Release|Mixed Platforms.Build.0 = Release|Any CPU
		{4ABA5E6C-5282-4FD3-89CF-5C73B8C88DE8}.Release|x64.ActiveCfg = Release|Any CPU
		{4ABA5E6C-5282-4FD3-89CF-5C73B8C88DE8}.Release|x64.Build.0 = Release|Any CPU
		{4ABA5E6C-5282-4FD3-89CF-5C73B8C88DE8}.Release|x86.ActiveCfg = Release|Any CPU
		{4ABA5E6C-5282-4FD3-89CF-5C73B8C88DE8}.Release|x86.Build.0 = Release|Any CPU
		{19D8A4BD-9B87-4F59-A006-7BF85A5FC32E}.Debug|Any CPU.ActiveCfg = Debug|Any CPU
		{19D8A4BD-9B87-4F59-A006-7BF85A5FC32E}.Debug|Any CPU.Build.0 = Debug|Any CPU
		{19D8A4BD-9B87-4F59-A006-7BF85A5FC32E}.Debug|ARM.ActiveCfg = Debug|Any CPU
		{19D8A4BD-9B87-4F59-A006-7BF85A5FC32E}.Debug|ARM.Build.0 = Debug|Any CPU
		{19D8A4BD-9B87-4F59-A006-7BF85A5FC32E}.Debug|Mixed Platforms.ActiveCfg = Debug|Any CPU
		{19D8A4BD-9B87-4F59-A006-7BF85A5FC32E}.Debug|Mixed Platforms.Build.0 = Debug|Any CPU
		{19D8A4BD-9B87-4F59-A006-7BF85A5FC32E}.Debug|x64.ActiveCfg = Debug|Any CPU
		{19D8A4BD-9B87-4F59-A006-7BF85A5FC32E}.Debug|x64.Build.0 = Debug|Any CPU
		{19D8A4BD-9B87-4F59-A006-7BF85A5FC32E}.Debug|x86.ActiveCfg = Debug|Any CPU
		{19D8A4BD-9B87-4F59-A006-7BF85A5FC32E}.Debug|x86.Build.0 = Debug|Any CPU
		{19D8A4BD-9B87-4F59-A006-7BF85A5FC32E}.Release|Any CPU.ActiveCfg = Release|Any CPU
		{19D8A4BD-9B87-4F59-A006-7BF85A5FC32E}.Release|Any CPU.Build.0 = Release|Any CPU
		{19D8A4BD-9B87-4F59-A006-7BF85A5FC32E}.Release|ARM.ActiveCfg = Release|Any CPU
		{19D8A4BD-9B87-4F59-A006-7BF85A5FC32E}.Release|ARM.Build.0 = Release|Any CPU
		{19D8A4BD-9B87-4F59-A006-7BF85A5FC32E}.Release|Mixed Platforms.ActiveCfg = Release|Any CPU
		{19D8A4BD-9B87-4F59-A006-7BF85A5FC32E}.Release|Mixed Platforms.Build.0 = Release|Any CPU
		{19D8A4BD-9B87-4F59-A006-7BF85A5FC32E}.Release|x64.ActiveCfg = Release|Any CPU
		{19D8A4BD-9B87-4F59-A006-7BF85A5FC32E}.Release|x64.Build.0 = Release|Any CPU
		{19D8A4BD-9B87-4F59-A006-7BF85A5FC32E}.Release|x86.ActiveCfg = Release|Any CPU
		{19D8A4BD-9B87-4F59-A006-7BF85A5FC32E}.Release|x86.Build.0 = Release|Any CPU
	EndGlobalSection
	GlobalSection(SolutionProperties) = preSolution
		HideSolutionNode = FALSE
	EndGlobalSection
EndGlobal
